// !$*UTF8*$!
{
	archiveVersion = 1;
	classes = {
	};
	objectVersion = 55;
	objects = {

/* Begin PBXBuildFile section */
		3EAD1E762716E35E00346C88 /* MenuCell.swift in Sources */ = {isa = PBXBuildFile; fileRef = 3EAD1E752716E35E00346C88 /* MenuCell.swift */; };
		3EAD1E782716E37C00346C88 /* MenuCell.xib in Resources */ = {isa = PBXBuildFile; fileRef = 3EAD1E772716E37C00346C88 /* MenuCell.xib */; };
		3EAD1E7A2716E50000346C88 /* FocusView.xib in Resources */ = {isa = PBXBuildFile; fileRef = 3EAD1E792716E50000346C88 /* FocusView.xib */; };
		3EF09FB42716E0CD008BD4CE /* AppDelegate.swift in Sources */ = {isa = PBXBuildFile; fileRef = 3EF09FB32716E0CD008BD4CE /* AppDelegate.swift */; };
		3EF09FB62716E0CD008BD4CE /* SceneDelegate.swift in Sources */ = {isa = PBXBuildFile; fileRef = 3EF09FB52716E0CD008BD4CE /* SceneDelegate.swift */; };
		3EF09FB82716E0CD008BD4CE /* ViewController.swift in Sources */ = {isa = PBXBuildFile; fileRef = 3EF09FB72716E0CD008BD4CE /* ViewController.swift */; };
		3EF09FBB2716E0CD008BD4CE /* Main.storyboard in Resources */ = {isa = PBXBuildFile; fileRef = 3EF09FB92716E0CD008BD4CE /* Main.storyboard */; };
		3EF09FBD2716E0CF008BD4CE /* Assets.xcassets in Resources */ = {isa = PBXBuildFile; fileRef = 3EF09FBC2716E0CF008BD4CE /* Assets.xcassets */; };
		3EF09FC02716E0CF008BD4CE /* LaunchScreen.storyboard in Resources */ = {isa = PBXBuildFile; fileRef = 3EF09FBE2716E0CF008BD4CE /* LaunchScreen.storyboard */; };
		519454F8D169B3DB18231A3D /* Pods_PagingKit_Tutorial.framework in Frameworks */ = {isa = PBXBuildFile; fileRef = 94AAE765C805EA3A4D4E1761 /* Pods_PagingKit_Tutorial.framework */; };
/* End PBXBuildFile section */

/* Begin PBXFileReference section */
		3EAD1E752716E35E00346C88 /* MenuCell.swift */ = {isa = PBXFileReference; lastKnownFileType = sourcecode.swift; path = MenuCell.swift; sourceTree = "<group>"; };
		3EAD1E772716E37C00346C88 /* MenuCell.xib */ = {isa = PBXFileReference; lastKnownFileType = file.xib; path = MenuCell.xib; sourceTree = "<group>"; };
		3EAD1E792716E50000346C88 /* FocusView.xib */ = {isa = PBXFileReference; lastKnownFileType = file.xib; path = FocusView.xib; sourceTree = "<group>"; };
		3EF09FB02716E0CD008BD4CE /* PagingKit_Tutorial.app */ = {isa = PBXFileReference; explicitFileType = wrapper.application; includeInIndex = 0; path = PagingKit_Tutorial.app; sourceTree = BUILT_PRODUCTS_DIR; };
		3EF09FB32716E0CD008BD4CE /* AppDelegate.swift */ = {isa = PBXFileReference; lastKnownFileType = sourcecode.swift; path = AppDelegate.swift; sourceTree = "<group>"; };
		3EF09FB52716E0CD008BD4CE /* SceneDelegate.swift */ = {isa = PBXFileReference; lastKnownFileType = sourcecode.swift; path = SceneDelegate.swift; sourceTree = "<group>"; };
		3EF09FB72716E0CD008BD4CE /* ViewController.swift */ = {isa = PBXFileReference; lastKnownFileType = sourcecode.swift; path = ViewController.swift; sourceTree = "<group>"; };
		3EF09FBA2716E0CD008BD4CE /* Base */ = {isa = PBXFileReference; lastKnownFileType = file.storyboard; name = Base; path = Base.lproj/Main.storyboard; sourceTree = "<group>"; };
		3EF09FBC2716E0CF008BD4CE /* Assets.xcassets */ = {isa = PBXFileReference; lastKnownFileType = folder.assetcatalog; path = Assets.xcassets; sourceTree = "<group>"; };
		3EF09FBF2716E0CF008BD4CE /* Base */ = {isa = PBXFileReference; lastKnownFileType = file.storyboard; name = Base; path = Base.lproj/LaunchScreen.storyboard; sourceTree = "<group>"; };
		3EF09FC12716E0CF008BD4CE /* Info.plist */ = {isa = PBXFileReference; lastKnownFileType = text.plist.xml; path = Info.plist; sourceTree = "<group>"; };
		94AAE765C805EA3A4D4E1761 /* Pods_PagingKit_Tutorial.framework */ = {isa = PBXFileReference; explicitFileType = wrapper.framework; includeInIndex = 0; path = Pods_PagingKit_Tutorial.framework; sourceTree = BUILT_PRODUCTS_DIR; };
		C200205657306468F87DE68B /* Pods-PagingKit_Tutorial.debug.xcconfig */ = {isa = PBXFileReference; includeInIndex = 1; lastKnownFileType = text.xcconfig; name = "Pods-PagingKit_Tutorial.debug.xcconfig"; path = "Target Support Files/Pods-PagingKit_Tutorial/Pods-PagingKit_Tutorial.debug.xcconfig"; sourceTree = "<group>"; };
		FD6FD5104915CDE6D51C2AC8 /* Pods-PagingKit_Tutorial.release.xcconfig */ = {isa = PBXFileReference; includeInIndex = 1; lastKnownFileType = text.xcconfig; name = "Pods-PagingKit_Tutorial.release.xcconfig"; path = "Target Support Files/Pods-PagingKit_Tutorial/Pods-PagingKit_Tutorial.release.xcconfig"; sourceTree = "<group>"; };
/* End PBXFileReference section */

/* Begin PBXFrameworksBuildPhase section */
		3EF09FAD2716E0CD008BD4CE /* Frameworks */ = {
			isa = PBXFrameworksBuildPhase;
			buildActionMask = 2147483647;
			files = (
				519454F8D169B3DB18231A3D /* Pods_PagingKit_Tutorial.framework in Frameworks */,
			);
			runOnlyForDeploymentPostprocessing = 0;
		};
/* End PBXFrameworksBuildPhase section */

/* Begin PBXGroup section */
		2BF5F22FCF4E0B63256F53FE /* Pods */ = {
			isa = PBXGroup;
			children = (
				C200205657306468F87DE68B /* Pods-PagingKit_Tutorial.debug.xcconfig */,
				FD6FD5104915CDE6D51C2AC8 /* Pods-PagingKit_Tutorial.release.xcconfig */,
			);
			path = Pods;
			sourceTree = "<group>";
		};
		3EF09FA72716E0CD008BD4CE = {
			isa = PBXGroup;
			children = (
				3EF09FB22716E0CD008BD4CE /* PagingKit_Tutorial */,
				3EF09FB12716E0CD008BD4CE /* Products */,
				2BF5F22FCF4E0B63256F53FE /* Pods */,
				998FAA71FD3779690F10EA30 /* Frameworks */,
			);
			sourceTree = "<group>";
		};
		3EF09FB12716E0CD008BD4CE /* Products */ = {
			isa = PBXGroup;
			children = (
				3EF09FB02716E0CD008BD4CE /* PagingKit_Tutorial.app */,
			);
			name = Products;
			sourceTree = "<group>";
		};
		3EF09FB22716E0CD008BD4CE /* PagingKit_Tutorial */ = {
			isa = PBXGroup;
			children = (
				3EF09FB32716E0CD008BD4CE /* AppDelegate.swift */,
				3EF09FB52716E0CD008BD4CE /* SceneDelegate.swift */,
				3EF09FB72716E0CD008BD4CE /* ViewController.swift */,
				3EAD1E752716E35E00346C88 /* MenuCell.swift */,
				3EAD1E772716E37C00346C88 /* MenuCell.xib */,
				3EAD1E792716E50000346C88 /* FocusView.xib */,
				3EF09FB92716E0CD008BD4CE /* Main.storyboard */,
				3EF09FBC2716E0CF008BD4CE /* Assets.xcassets */,
				3EF09FBE2716E0CF008BD4CE /* LaunchScreen.storyboard */,
				3EF09FC12716E0CF008BD4CE /* Info.plist */,
			);
			path = PagingKit_Tutorial;
			sourceTree = "<group>";
		};
		998FAA71FD3779690F10EA30 /* Frameworks */ = {
			isa = PBXGroup;
			children = (
				94AAE765C805EA3A4D4E1761 /* Pods_PagingKit_Tutorial.framework */,
			);
			name = Frameworks;
			sourceTree = "<group>";
		};
/* End PBXGroup section */

/* Begin PBXNativeTarget section */
		3EF09FAF2716E0CD008BD4CE /* PagingKit_Tutorial */ = {
			isa = PBXNativeTarget;
			buildConfigurationList = 3EF09FC42716E0CF008BD4CE /* Build configuration list for PBXNativeTarget "PagingKit_Tutorial" */;
			buildPhases = (
				854B97C0E355FDBECF9F61E9 /* [CP] Check Pods Manifest.lock */,
				3EF09FAC2716E0CD008BD4CE /* Sources */,
				3EF09FAD2716E0CD008BD4CE /* Frameworks */,
				3EF09FAE2716E0CD008BD4CE /* Resources */,
				617AA46D29572FD09822F05D /* [CP] Embed Pods Frameworks */,
			);
			buildRules = (
			);
			dependencies = (
			);
			name = PagingKit_Tutorial;
			productName = PagingKit_Tutorial;
			productReference = 3EF09FB02716E0CD008BD4CE /* PagingKit_Tutorial.app */;
			productType = "com.apple.product-type.application";
		};
/* End PBXNativeTarget section */

/* Begin PBXProject section */
		3EF09FA82716E0CD008BD4CE /* Project object */ = {
			isa = PBXProject;
			attributes = {
				BuildIndependentTargetsInParallel = 1;
				LastSwiftUpdateCheck = 1300;
				LastUpgradeCheck = 1300;
				TargetAttributes = {
					3EF09FAF2716E0CD008BD4CE = {
						CreatedOnToolsVersion = 13.0;
					};
				};
			};
			buildConfigurationList = 3EF09FAB2716E0CD008BD4CE /* Build configuration list for PBXProject "PagingKit_Tutorial" */;
			compatibilityVersion = "Xcode 13.0";
			developmentRegion = en;
			hasScannedForEncodings = 0;
			knownRegions = (
				en,
				Base,
			);
			mainGroup = 3EF09FA72716E0CD008BD4CE;
			productRefGroup = 3EF09FB12716E0CD008BD4CE /* Products */;
			projectDirPath = "";
			projectRoot = "";
			targets = (
				3EF09FAF2716E0CD008BD4CE /* PagingKit_Tutorial */,
			);
		};
/* End PBXProject section */

/* Begin PBXResourcesBuildPhase section */
		3EF09FAE2716E0CD008BD4CE /* Resources */ = {
			isa = PBXResourcesBuildPhase;
			buildActionMask = 2147483647;
			files = (
				3EF09FC02716E0CF008BD4CE /* LaunchScreen.storyboard in Resources */,
				3EF09FBD2716E0CF008BD4CE /* Assets.xcassets in Resources */,
				3EAD1E782716E37C00346C88 /* MenuCell.xib in Resources */,
				3EAD1E7A2716E50000346C88 /* FocusView.xib in Resources */,
				3EF09FBB2716E0CD008BD4CE /* Main.storyboard in Resources */,
			);
			runOnlyForDeploymentPostprocessing = 0;
		};
/* End PBXResourcesBuildPhase section */

/* Begin PBXShellScriptBuildPhase section */
		617AA46D29572FD09822F05D /* [CP] Embed Pods Frameworks */ = {
			isa = PBXShellScriptBuildPhase;
			buildActionMask = 2147483647;
			files = (
			);
			inputFileListPaths = (
				"${PODS_ROOT}/Target Support Files/Pods-PagingKit_Tutorial/Pods-PagingKit_Tutorial-frameworks-${CONFIGURATION}-input-files.xcfilelist",
			);
			name = "[CP] Embed Pods Frameworks";
			outputFileListPaths = (
				"${PODS_ROOT}/Target Support Files/Pods-PagingKit_Tutorial/Pods-PagingKit_Tutorial-frameworks-${CONFIGURATION}-output-files.xcfilelist",
			);
			runOnlyForDeploymentPostprocessing = 0;
			shellPath = /bin/sh;
			shellScript = "\"${PODS_ROOT}/Target Support Files/Pods-PagingKit_Tutorial/Pods-PagingKit_Tutorial-frameworks.sh\"\n";
			showEnvVarsInLog = 0;
		};
		854B97C0E355FDBECF9F61E9 /* [CP] Check Pods Manifest.lock */ = {
			isa = PBXShellScriptBuildPhase;
			buildActionMask = 2147483647;
			files = (
			);
			inputFileListPaths = (
			);
			inputPaths = (
				"${PODS_PODFILE_DIR_PATH}/Podfile.lock",
				"${PODS_ROOT}/Manifest.lock",
			);
			name = "[CP] Check Pods Manifest.lock";
			outputFileListPaths = (
			);
			outputPaths = (
				"$(DERIVED_FILE_DIR)/Pods-PagingKit_Tutorial-checkManifestLockResult.txt",
			);
			runOnlyForDeploymentPostprocessing = 0;
			shellPath = /bin/sh;
			shellScript = "diff \"${PODS_PODFILE_DIR_PATH}/Podfile.lock\" \"${PODS_ROOT}/Manifest.lock\" > /dev/null\nif [ $? != 0 ] ; then\n    # print error to STDERR\n    echo \"error: The sandbox is not in sync with the Podfile.lock. Run 'pod install' or update your CocoaPods installation.\" >&2\n    exit 1\nfi\n# This output is used by Xcode 'outputs' to avoid re-running this script phase.\necho \"SUCCESS\" > \"${SCRIPT_OUTPUT_FILE_0}\"\n";
			showEnvVarsInLog = 0;
		};
/* End PBXShellScriptBuildPhase section */

/* Begin PBXSourcesBuildPhase section */
		3EF09FAC2716E0CD008BD4CE /* Sources */ = {
			isa = PBXSourcesBuildPhase;
			buildActionMask = 2147483647;
			files = (
				3EF09FB82716E0CD008BD4CE /* ViewController.swift in Sources */,
				3EF09FB42716E0CD008BD4CE /* AppDelegate.swift in Sources */,
				3EAD1E762716E35E00346C88 /* MenuCell.swift in Sources */,
				3EF09FB62716E0CD008BD4CE /* SceneDelegate.swift in Sources */,
			);
			runOnlyForDeploymentPostprocessing = 0;
		};
/* End PBXSourcesBuildPhase section */

/* Begin PBXVariantGroup section */
		3EF09FB92716E0CD008BD4CE /* Main.storyboard */ = {
			isa = PBXVariantGroup;
			children = (
				3EF09FBA2716E0CD008BD4CE /* Base */,
			);
			name = Main.storyboard;
			sourceTree = "<group>";
		};
		3EF09FBE2716E0CF008BD4CE /* LaunchScreen.storyboard */ = {
			isa = PBXVariantGroup;
			children = (
				3EF09FBF2716E0CF008BD4CE /* Base */,
			);
			name = LaunchScreen.storyboard;
			sourceTree = "<group>";
		};
/* End PBXVariantGroup section */

/* Begin XCBuildConfiguration section */
		3EF09FC22716E0CF008BD4CE /* Debug */ = {
			isa = XCBuildConfiguration;
			buildSettings = {
				ALWAYS_SEARCH_USER_PATHS = NO;
				CLANG_ANALYZER_NONNULL = YES;
				CLANG_ANALYZER_NUMBER_OBJECT_CONVERSION = YES_AGGRESSIVE;
				CLANG_CXX_LANGUAGE_STANDARD = "gnu++17";
				CLANG_CXX_LIBRARY = "libc++";
				CLANG_ENABLE_MODULES = YES;
				CLANG_ENABLE_OBJC_ARC = YES;
				CLANG_ENABLE_OBJC_WEAK = YES;
				CLANG_WARN_BLOCK_CAPTURE_AUTORELEASING = YES;
				CLANG_WARN_BOOL_CONVERSION = YES;
				CLANG_WARN_COMMA = YES;
				CLANG_WARN_CONSTANT_CONVERSION = YES;
				CLANG_WARN_DEPRECATED_OBJC_IMPLEMENTATIONS = YES;
				CLANG_WARN_DIRECT_OBJC_ISA_USAGE = YES_ERROR;
				CLANG_WARN_DOCUMENTATION_COMMENTS = YES;
				CLANG_WARN_EMPTY_BODY = YES;
				CLANG_WARN_ENUM_CONVERSION = YES;
				CLANG_WARN_INFINITE_RECURSION = YES;
				CLANG_WARN_INT_CONVERSION = YES;
				CLANG_WARN_NON_LITERAL_NULL_CONVERSION = YES;
				CLANG_WARN_OBJC_IMPLICIT_RETAIN_SELF = YES;
				CLANG_WARN_OBJC_LITERAL_CONVERSION = YES;
				CLANG_WARN_OBJC_ROOT_CLASS = YES_ERROR;
				CLANG_WARN_QUOTED_INCLUDE_IN_FRAMEWORK_HEADER = YES;
				CLANG_WARN_RANGE_LOOP_ANALYSIS = YES;
				CLANG_WARN_STRICT_PROTOTYPES = YES;
				CLANG_WARN_SUSPICIOUS_MOVE = YES;
				CLANG_WARN_UNGUARDED_AVAILABILITY = YES_AGGRESSIVE;
				CLANG_WARN_UNREACHABLE_CODE = YES;
				CLANG_WARN__DUPLICATE_METHOD_MATCH = YES;
				COPY_PHASE_STRIP = NO;
				DEBUG_INFORMATION_FORMAT = dwarf;
				ENABLE_STRICT_OBJC_MSGSEND = YES;
				ENABLE_TESTABILITY = YES;
				GCC_C_LANGUAGE_STANDARD = gnu11;
				GCC_DYNAMIC_NO_PIC = NO;
				GCC_NO_COMMON_BLOCKS = YES;
				GCC_OPTIMIZATION_LEVEL = 0;
				GCC_PREPROCESSOR_DEFINITIONS = (
					"DEBUG=1",
					"$(inherited)",
				);
				GCC_WARN_64_TO_32_BIT_CONVERSION = YES;
				GCC_WARN_ABOUT_RETURN_TYPE = YES_ERROR;
				GCC_WARN_UNDECLARED_SELECTOR = YES;
				GCC_WARN_UNINITIALIZED_AUTOS = YES_AGGRESSIVE;
				GCC_WARN_UNUSED_FUNCTION = YES;
				GCC_WARN_UNUSED_VARIABLE = YES;
				IPHONEOS_DEPLOYMENT_TARGET = 15.0;
				MTL_ENABLE_DEBUG_INFO = INCLUDE_SOURCE;
				MTL_FAST_MATH = YES;
				ONLY_ACTIVE_ARCH = YES;
				SDKROOT = iphoneos;
				SWIFT_ACTIVE_COMPILATION_CONDITIONS = DEBUG;
				SWIFT_OPTIMIZATION_LEVEL = "-Onone";
			};
			name = Debug;
		};
		3EF09FC32716E0CF008BD4CE /* Release */ = {
			isa = XCBuildConfiguration;
			buildSettings = {
				ALWAYS_SEARCH_USER_PATHS = NO;
				CLANG_ANALYZER_NONNULL = YES;
				CLANG_ANALYZER_NUMBER_OBJECT_CONVERSION = YES_AGGRESSIVE;
				CLANG_CXX_LANGUAGE_STANDARD = "gnu++17";
				CLANG_CXX_LIBRARY = "libc++";
				CLANG_ENABLE_MODULES = YES;
				CLANG_ENABLE_OBJC_ARC = YES;
				CLANG_ENABLE_OBJC_WEAK = YES;
				CLANG_WARN_BLOCK_CAPTURE_AUTORELEASING = YES;
				CLANG_WARN_BOOL_CONVERSION = YES;
				CLANG_WARN_COMMA = YES;
				CLANG_WARN_CONSTANT_CONVERSION = YES;
				CLANG_WARN_DEPRECATED_OBJC_IMPLEMENTATIONS = YES;
				CLANG_WARN_DIRECT_OBJC_ISA_USAGE = YES_ERROR;
				CLANG_WARN_DOCUMENTATION_COMMENTS = YES;
				CLANG_WARN_EMPTY_BODY = YES;
				CLANG_WARN_ENUM_CONVERSION = YES;
				CLANG_WARN_INFINITE_RECURSION = YES;
				CLANG_WARN_INT_CONVERSION = YES;
				CLANG_WARN_NON_LITERAL_NULL_CONVERSION = YES;
				CLANG_WARN_OBJC_IMPLICIT_RETAIN_SELF = YES;
				CLANG_WARN_OBJC_LITERAL_CONVERSION = YES;
				CLANG_WARN_OBJC_ROOT_CLASS = YES_ERROR;
				CLANG_WARN_QUOTED_INCLUDE_IN_FRAMEWORK_HEADER = YES;
				CLANG_WARN_RANGE_LOOP_ANALYSIS = YES;
				CLANG_WARN_STRICT_PROTOTYPES = YES;
				CLANG_WARN_SUSPICIOUS_MOVE = YES;
				CLANG_WARN_UNGUARDED_AVAILABILITY = YES_AGGRESSIVE;
				CLANG_WARN_UNREACHABLE_CODE = YES;
				CLANG_WARN__DUPLICATE_METHOD_MATCH = YES;
				COPY_PHASE_STRIP = NO;
				DEBUG_INFORMATION_FORMAT = "dwarf-with-dsym";
				ENABLE_NS_ASSERTIONS = NO;
				ENABLE_STRICT_OBJC_MSGSEND = YES;
				GCC_C_LANGUAGE_STANDARD = gnu11;
				GCC_NO_COMMON_BLOCKS = YES;
				GCC_WARN_64_TO_32_BIT_CONVERSION = YES;
				GCC_WARN_ABOUT_RETURN_TYPE = YES_ERROR;
				GCC_WARN_UNDECLARED_SELECTOR = YES;
				GCC_WARN_UNINITIALIZED_AUTOS = YES_AGGRESSIVE;
				GCC_WARN_UNUSED_FUNCTION = YES;
				GCC_WARN_UNUSED_VARIABLE = YES;
				IPHONEOS_DEPLOYMENT_TARGET = 15.0;
				MTL_ENABLE_DEBUG_INFO = NO;
				MTL_FAST_MATH = YES;
				SDKROOT = iphoneos;
				SWIFT_COMPILATION_MODE = wholemodule;
				SWIFT_OPTIMIZATION_LEVEL = "-O";
				VALIDATE_PRODUCT = YES;
			};
			name = Release;
		};
		3EF09FC52716E0CF008BD4CE /* Debug */ = {
			isa = XCBuildConfiguration;
			baseConfigurationReference = C200205657306468F87DE68B /* Pods-PagingKit_Tutorial.debug.xcconfig */;
			buildSettings = {
				ASSETCATALOG_COMPILER_APPICON_NAME = AppIcon;
				ASSETCATALOG_COMPILER_GLOBAL_ACCENT_COLOR_NAME = AccentColor;
				CODE_SIGN_STYLE = Automatic;
				CURRENT_PROJECT_VERSION = 1;
				DEVELOPMENT_TEAM = BR8CN8N4Y6;
				GENERATE_INFOPLIST_FILE = YES;
				INFOPLIST_FILE = PagingKit_Tutorial/Info.plist;
				INFOPLIST_KEY_UIApplicationSupportsIndirectInputEvents = YES;
				INFOPLIST_KEY_UILaunchStoryboardName = LaunchScreen;
				INFOPLIST_KEY_UIMainStoryboardFile = Main;
				INFOPLIST_KEY_UISupportedInterfaceOrientations_iPad = "UIInterfaceOrientationPortrait UIInterfaceOrientationPortraitUpsideDown UIInterfaceOrientationLandscapeLeft UIInterfaceOrientationLandscapeRight";
				INFOPLIST_KEY_UISupportedInterfaceOrientations_iPhone = "UIInterfaceOrientationPortrait UIInterfaceOrientationLandscapeLeft UIInterfaceOrientationLandscapeRight";
				LD_RUNPATH_SEARCH_PATHS = (
					"$(inherited)",
					"@executable_path/Frameworks",
				);
				MARKETING_VERSION = 1.0;
				PRODUCT_BUNDLE_IDENTIFIER = "com.SeongMinK.PagingKit-Tutorial";
				PRODUCT_NAME = "$(TARGET_NAME)";
				SWIFT_EMIT_LOC_STRINGS = YES;
				SWIFT_VERSION = 5.0;
				TARGETED_DEVICE_FAMILY = "1,2";
			};
			name = Debug;
		};
		3EF09FC62716E0CF008BD4CE /* Release */ = {
			isa = XCBuildConfiguration;
			baseConfigurationReference = FD6FD5104915CDE6D51C2AC8 /* Pods-PagingKit_Tutorial.release.xcconfig */;
			buildSettings = {
				ASSETCATALOG_COMPILER_APPICON_NAME = AppIcon;
				ASSETCATALOG_COMPILER_GLOBAL_ACCENT_COLOR_NAME = AccentColor;
				CODE_SIGN_STYLE = Automatic;
				CURRENT_PROJECT_VERSION = 1;
				DEVELOPMENT_TEAM = BR8CN8N4Y6;
				GENERATE_INFOPLIST_FILE = YES;
				INFOPLIST_FILE = PagingKit_Tutorial/Info.plist;
				INFOPLIST_KEY_UIApplicationSupportsIndirectInputEvents = YES;
				INFOPLIST_KEY_UILaunchStoryboardName = LaunchScreen;
				INFOPLIST_KEY_UIMainStoryboardFile = Main;
				INFOPLIST_KEY_UISupportedInterfaceOrientations_iPad = "UIInterfaceOrientationPortrait UIInterfaceOrientationPortraitUpsideDown UIInterfaceOrientationLandscapeLeft UIInterfaceOrientationLandscapeRight";
				INFOPLIST_KEY_UISupportedInterfaceOrientations_iPhone = "UIInterfaceOrientationPortrait UIInterfaceOrientationLandscapeLeft UIInterfaceOrientationLandscapeRight";
				LD_RUNPATH_SEARCH_PATHS = (
					"$(inherited)",
					"@executable_path/Frameworks",
				);
				MARKETING_VERSION = 1.0;
				PRODUCT_BUNDLE_IDENTIFIER = "com.SeongMinK.PagingKit-Tutorial";
				PRODUCT_NAME = "$(TARGET_NAME)";
				SWIFT_EMIT_LOC_STRINGS = YES;
				SWIFT_VERSION = 5.0;
				TARGETED_DEVICE_FAMILY = "1,2";
			};
			name = Release;
		};
/* End XCBuildConfiguration section */

/* Begin XCConfigurationList section */
		3EF09FAB2716E0CD008BD4CE /* Build configuration list for PBXProject "PagingKit_Tutorial" */ = {
			isa = XCConfigurationList;
			buildConfigurations = (
				3EF09FC22716E0CF008BD4CE /* Debug */,
				3EF09FC32716E0CF008BD4CE /* Release */,
			);
			defaultConfigurationIsVisible = 0;
			defaultConfigurationName = Release;
		};
		3EF09FC42716E0CF008BD4CE /* Build configuration list for PBXNativeTarget "PagingKit_Tutorial" */ = {
			isa = XCConfigurationList;
			buildConfigurations = (
				3EF09FC52716E0CF008BD4CE /* Debug */,
				3EF09FC62716E0CF008BD4CE /* Release */,
			);
			defaultConfigurationIsVisible = 0;
			defaultConfigurationName = Release;
		};
/* End XCConfigurationList section */
	};
	rootObject = 3EF09FA82716E0CD008BD4CE /* Project object */;
}
